
Microsoft Visual Studio Solution File, Format Version 12.00
# Visual Studio Version 16
VisualStudioVersion = 16.0.31624.102
MinimumVisualStudioVersion = 10.0.40219.1
Project("{FAE04EC0-301F-11D3-BF4B-00C04F79EFBC}") = "EmplRefactor", "EmplRefactor\EmplRefactor.csproj", "{CFD3701F-666C-4C80-9FDF-F9728DFAFE7D}"
EndProject
Global
	GlobalSection(SolutionConfigurationPlatforms) = preSolution
		Debug|Any CPU = Debug|Any CPU
		Release|Any CPU = Release|Any CPU
	EndGlobalSection
	GlobalSection(ProjectConfigurationPlatforms) = postSolution
		{CFD3701F-666C-4C80-9FDF-F9728DFAFE7D}.Debug|Any CPU.ActiveCfg = Debug|Any CPU
		{CFD3701F-666C-4C80-9FDF-F9728DFAFE7D}.Debug|Any CPU.Build.0 = Debug|Any CPU
		{CFD3701F-666C-4C80-9FDF-F9728DFAFE7D}.Release|Any CPU.ActiveCfg = Release|Any CPU
		{CFD3701F-666C-4C80-9FDF-F9728DFAFE7D}.Release|Any CPU.Build.0 = Release|Any CPU
	EndGlobalSection
	GlobalSection(SolutionProperties) = preSolution
		HideSolutionNode = FALSE
	EndGlobalSection
	GlobalSection(ExtensibilityGlobals) = postSolution
		SolutionGuid = {3DD8CA2F-CB4D-431E-9622-AE52E7D54E8E}
	EndGlobalSection
EndGlobal
